
Microsoft Visual Studio Solution File, Format Version 12.00
# Visual Studio 15
VisualStudioVersion = 15.0.27130.2026
MinimumVisualStudioVersion = 10.0.40219.1
Project("{2150E333-8FDC-42A3-9474-1A3956D46DE8}") = "Engine", "Engine", "{0170EF50-B846-43E9-B71D-A310B8B1AF39}"
EndProject
Project("{2150E333-8FDC-42A3-9474-1A3956D46DE8}") = "Games", "Games", "{3FA7BB9A-E7E9-4F16-AD0D-71D8BE250B03}"
EndProject
Project("{8BC9CEB8-8B4A-11D0-8D11-00A0C91BC942}") = "UE4", "Intermediate\ProjectFiles\UE4.vcxproj", "{ED76093A-ED6B-42AE-8C4D-EF651BBD2EEE}"
EndProject
Project("{8BC9CEB8-8B4A-11D0-8D11-00A0C91BC942}") = "InstructorOfTheDead2", "Intermediate\ProjectFiles\InstructorOfTheDead2.vcxproj", "{F5961A09-822A-484F-BCC6-5FBEF4A6ECA5}"
EndProject
Global
	GlobalSection(SolutionConfigurationPlatforms) = preSolution
		DebugGame Editor|HTML5 = DebugGame Editor|HTML5
		DebugGame Editor|Win32 = DebugGame Editor|Win32
		DebugGame Editor|Win64 = DebugGame Editor|Win64
		DebugGame|HTML5 = DebugGame|HTML5
		DebugGame|Win32 = DebugGame|Win32
		DebugGame|Win64 = DebugGame|Win64
		Development Editor|HTML5 = Development Editor|HTML5
		Development Editor|Win32 = Development Editor|Win32
		Development Editor|Win64 = Development Editor|Win64
		Development|HTML5 = Development|HTML5
		Development|Win32 = Development|Win32
		Development|Win64 = Development|Win64
		Shipping|HTML5 = Shipping|HTML5
		Shipping|Win32 = Shipping|Win32
		Shipping|Win64 = Shipping|Win64
	EndGlobalSection
	GlobalSection(ProjectConfigurationPlatforms) = postSolution
		{ED76093A-ED6B-42AE-8C4D-EF651BBD2EEE}.DebugGame Editor|HTML5.ActiveCfg = BuiltWithUnrealBuildTool|Win32
		{ED76093A-ED6B-42AE-8C4D-EF651BBD2EEE}.DebugGame Editor|HTML5.Build.0 = BuiltWithUnrealBuildTool|Win32
		{ED76093A-ED6B-42AE-8C4D-EF651BBD2EEE}.DebugGame Editor|Win32.ActiveCfg = BuiltWithUnrealBuildTool|Win32
		{ED76093A-ED6B-42AE-8C4D-EF651BBD2EEE}.DebugGame Editor|Win32.Build.0 = BuiltWithUnrealBuildTool|Win32
		{ED76093A-ED6B-42AE-8C4D-EF651BBD2EEE}.DebugGame Editor|Win64.ActiveCfg = BuiltWithUnrealBuildTool|Win32
		{ED76093A-ED6B-42AE-8C4D-EF651BBD2EEE}.DebugGame Editor|Win64.Build.0 = BuiltWithUnrealBuildTool|Win32
		{ED76093A-ED6B-42AE-8C4D-EF651BBD2EEE}.DebugGame|HTML5.ActiveCfg = BuiltWithUnrealBuildTool|Win32
		{ED76093A-ED6B-42AE-8C4D-EF651BBD2EEE}.DebugGame|HTML5.Build.0 = BuiltWithUnrealBuildTool|Win32
		{ED76093A-ED6B-42AE-8C4D-EF651BBD2EEE}.DebugGame|Win32.ActiveCfg = BuiltWithUnrealBuildTool|Win32
		{ED76093A-ED6B-42AE-8C4D-EF651BBD2EEE}.DebugGame|Win32.Build.0 = BuiltWithUnrealBuildTool|Win32
		{ED76093A-ED6B-42AE-8C4D-EF651BBD2EEE}.DebugGame|Win64.ActiveCfg = BuiltWithUnrealBuildTool|Win32
		{ED76093A-ED6B-42AE-8C4D-EF651BBD2EEE}.DebugGame|Win64.Build.0 = BuiltWithUnrealBuildTool|Win32
		{ED76093A-ED6B-42AE-8C4D-EF651BBD2EEE}.Development Editor|HTML5.ActiveCfg = BuiltWithUnrealBuildTool|Win32
		{ED76093A-ED6B-42AE-8C4D-EF651BBD2EEE}.Development Editor|HTML5.Build.0 = BuiltWithUnrealBuildTool|Win32
		{ED76093A-ED6B-42AE-8C4D-EF651BBD2EEE}.Development Editor|Win32.ActiveCfg = BuiltWithUnrealBuildTool|Win32
		{ED76093A-ED6B-42AE-8C4D-EF651BBD2EEE}.Development Editor|Win32.Build.0 = BuiltWithUnrealBuildTool|Win32
		{ED76093A-ED6B-42AE-8C4D-EF651BBD2EEE}.Development Editor|Win64.ActiveCfg = BuiltWithUnrealBuildTool|Win32
		{ED76093A-ED6B-42AE-8C4D-EF651BBD2EEE}.Development Editor|Win64.Build.0 = BuiltWithUnrealBuildTool|Win32
		{ED76093A-ED6B-42AE-8C4D-EF651BBD2EEE}.Development|HTML5.ActiveCfg = BuiltWithUnrealBuildTool|Win32
		{ED76093A-ED6B-42AE-8C4D-EF651BBD2EEE}.Development|HTML5.Build.0 = BuiltWithUnrealBuildTool|Win32
		{ED76093A-ED6B-42AE-8C4D-EF651BBD2EEE}.Development|Win32.ActiveCfg = BuiltWithUnrealBuildTool|Win32
		{ED76093A-ED6B-42AE-8C4D-EF651BBD2EEE}.Development|Win32.Build.0 = BuiltWithUnrealBuildTool|Win32
		{ED76093A-ED6B-42AE-8C4D-EF651BBD2EEE}.Development|Win64.ActiveCfg = BuiltWithUnrealBuildTool|Win32
		{ED76093A-ED6B-42AE-8C4D-EF651BBD2EEE}.Development|Win64.Build.0 = BuiltWithUnrealBuildTool|Win32
		{ED76093A-ED6B-42AE-8C4D-EF651BBD2EEE}.Shipping|HTML5.ActiveCfg = BuiltWithUnrealBuildTool|Win32
		{ED76093A-ED6B-42AE-8C4D-EF651BBD2EEE}.Shipping|HTML5.Build.0 = BuiltWithUnrealBuildTool|Win32
		{ED76093A-ED6B-42AE-8C4D-EF651BBD2EEE}.Shipping|Win32.ActiveCfg = BuiltWithUnrealBuildTool|Win32
		{ED76093A-ED6B-42AE-8C4D-EF651BBD2EEE}.Shipping|Win32.Build.0 = BuiltWithUnrealBuildTool|Win32
		{ED76093A-ED6B-42AE-8C4D-EF651BBD2EEE}.Shipping|Win64.ActiveCfg = BuiltWithUnrealBuildTool|Win32
		{ED76093A-ED6B-42AE-8C4D-EF651BBD2EEE}.Shipping|Win64.Build.0 = BuiltWithUnrealBuildTool|Win32
		{F5961A09-822A-484F-BCC6-5FBEF4A6ECA5}.DebugGame Editor|HTML5.ActiveCfg = HTML5_DebugGame_Editor|Win32
		{F5961A09-822A-484F-BCC6-5FBEF4A6ECA5}.DebugGame Editor|Win32.ActiveCfg = DebugGame_Editor|Win32
		{F5961A09-822A-484F-BCC6-5FBEF4A6ECA5}.DebugGame Editor|Win64.ActiveCfg = DebugGame_Editor|x64
		{F5961A09-822A-484F-BCC6-5FBEF4A6ECA5}.DebugGame Editor|Win64.Build.0 = DebugGame_Editor|x64
		{F5961A09-822A-484F-BCC6-5FBEF4A6ECA5}.DebugGame|HTML5.ActiveCfg = HTML5_DebugGame_Game|Win32
		{F5961A09-822A-484F-BCC6-5FBEF4A6ECA5}.DebugGame|HTML5.Build.0 = HTML5_DebugGame_Game|Win32
		{F5961A09-822A-484F-BCC6-5FBEF4A6ECA5}.DebugGame|Win32.ActiveCfg = DebugGame_Game|Win32
		{F5961A09-822A-484F-BCC6-5FBEF4A6ECA5}.DebugGame|Win32.Build.0 = DebugGame_Game|Win32
		{F5961A09-822A-484F-BCC6-5FBEF4A6ECA5}.DebugGame|Win64.ActiveCfg = DebugGame_Game|x64
		{F5961A09-822A-484F-BCC6-5FBEF4A6ECA5}.DebugGame|Win64.Build.0 = DebugGame_Game|x64
		{F5961A09-822A-484F-BCC6-5FBEF4A6ECA5}.Development Editor|HTML5.ActiveCfg = HTML5_Development_Editor|Win32
		{F5961A09-822A-484F-BCC6-5FBEF4A6ECA5}.Development Editor|Win32.ActiveCfg = Development_Editor|Win32
		{F5961A09-822A-484F-BCC6-5FBEF4A6ECA5}.Development Editor|Win64.ActiveCfg = Development_Editor|x64
		{F5961A09-822A-484F-BCC6-5FBEF4A6ECA5}.Development Editor|Win64.Build.0 = Development_Editor|x64
		{F5961A09-822A-484F-BCC6-5FBEF4A6ECA5}.Development|HTML5.ActiveCfg = HTML5_Development_Game|Win32
		{F5961A09-822A-484F-BCC6-5FBEF4A6ECA5}.Development|HTML5.Build.0 = HTML5_Development_Game|Win32
		{F5961A09-822A-484F-BCC6-5FBEF4A6ECA5}.Development|Win32.ActiveCfg = Development_Game|Win32
		{F5961A09-822A-484F-BCC6-5FBEF4A6ECA5}.Development|Win32.Build.0 = Development_Game|Win32
		{F5961A09-822A-484F-BCC6-5FBEF4A6ECA5}.Development|Win64.ActiveCfg = Development_Game|x64
		{F5961A09-822A-484F-BCC6-5FBEF4A6ECA5}.Development|Win64.Build.0 = Development_Game|x64
		{F5961A09-822A-484F-BCC6-5FBEF4A6ECA5}.Shipping|HTML5.ActiveCfg = HTML5_Shipping_Game|Win32
		{F5961A09-822A-484F-BCC6-5FBEF4A6ECA5}.Shipping|HTML5.Build.0 = HTML5_Shipping_Game|Win32
		{F5961A09-822A-484F-BCC6-5FBEF4A6ECA5}.Shipping|Win32.ActiveCfg = Shipping_Game|Win32
		{F5961A09-822A-484F-BCC6-5FBEF4A6ECA5}.Shipping|Win32.Build.0 = Shipping_Game|Win32
		{F5961A09-822A-484F-BCC6-5FBEF4A6ECA5}.Shipping|Win64.ActiveCfg = Shipping_Game|x64
		{F5961A09-822A-484F-BCC6-5FBEF4A6ECA5}.Shipping|Win64.Build.0 = Shipping_Game|x64
	EndGlobalSection
	GlobalSection(SolutionProperties) = preSolution
		HideSolutionNode = FALSE
	EndGlobalSection
	GlobalSection(NestedProjects) = preSolution
		{ED76093A-ED6B-42AE-8C4D-EF651BBD2EEE} = {0170EF50-B846-43E9-B71D-A310B8B1AF39}
		{F5961A09-822A-484F-BCC6-5FBEF4A6ECA5} = {3FA7BB9A-E7E9-4F16-AD0D-71D8BE250B03}
	EndGlobalSection
	GlobalSection(ExtensibilityGlobals) = postSolution
		SolutionGuid = {67B72375-D2B4-481A-A9EB-84E8A489092D}
	EndGlobalSection
EndGlobal
